
Microsoft Visual Studio Solution File, Format Version 12.00
# Visual Studio 15
VisualStudioVersion = 15.0.26430.12
MinimumVisualStudioVersion = 10.0.40219.1
Project("{FAE04EC0-301F-11D3-BF4B-00C04F79EFBC}") = "WannaShare", "WannaShare\WannaShare.csproj", "{84611231-4D1A-43F8-829A-F6CFD29309ED}"
EndProject
Project("{FAE04EC0-301F-11D3-BF4B-00C04F79EFBC}") = "WannaShare.Tests", "WannaShare.Tests\WannaShare.Tests.csproj", "{7F714F91-7D18-4AAC-B66D-46917480AD43}"
EndProject
Project("{FAE04EC0-301F-11D3-BF4B-00C04F79EFBC}") = "ShareFoodService", "ShareFoodService\ShareFoodService.csproj", "{855EAEBE-2E46-4EC8-BF6B-07C2D6A434D5}"
EndProject
Project("{FAE04EC0-301F-11D3-BF4B-00C04F79EFBC}") = "MessageHelper", "MessageHelper\MessageHelper.csproj", "{E9B20681-862B-4C1C-B74F-428363EE0902}"
EndProject
Global
	GlobalSection(SolutionConfigurationPlatforms) = preSolution
		Debug|Any CPU = Debug|Any CPU
		Release|Any CPU = Release|Any CPU
	EndGlobalSection
	GlobalSection(ProjectConfigurationPlatforms) = postSolution
		{84611231-4D1A-43F8-829A-F6CFD29309ED}.Debug|Any CPU.ActiveCfg = Debug|Any CPU
		{84611231-4D1A-43F8-829A-F6CFD29309ED}.Debug|Any CPU.Build.0 = Debug|Any CPU
		{84611231-4D1A-43F8-829A-F6CFD29309ED}.Release|Any CPU.ActiveCfg = Release|Any CPU
		{84611231-4D1A-43F8-829A-F6CFD29309ED}.Release|Any CPU.Build.0 = Release|Any CPU
		{7F714F91-7D18-4AAC-B66D-46917480AD43}.Debug|Any CPU.ActiveCfg = Debug|Any CPU
		{7F714F91-7D18-4AAC-B66D-46917480AD43}.Debug|Any CPU.Build.0 = Debug|Any CPU
		{7F714F91-7D18-4AAC-B66D-46917480AD43}.Release|Any CPU.ActiveCfg = Release|Any CPU
		{7F714F91-7D18-4AAC-B66D-46917480AD43}.Release|Any CPU.Build.0 = Release|Any CPU
		{855EAEBE-2E46-4EC8-BF6B-07C2D6A434D5}.Debug|Any CPU.ActiveCfg = Debug|Any CPU
		{855EAEBE-2E46-4EC8-BF6B-07C2D6A434D5}.Debug|Any CPU.Build.0 = Debug|Any CPU
		{855EAEBE-2E46-4EC8-BF6B-07C2D6A434D5}.Release|Any CPU.ActiveCfg = Release|Any CPU
		{855EAEBE-2E46-4EC8-BF6B-07C2D6A434D5}.Release|Any CPU.Build.0 = Release|Any CPU
		{E9B20681-862B-4C1C-B74F-428363EE0902}.Debug|Any CPU.ActiveCfg = Debug|Any CPU
		{E9B20681-862B-4C1C-B74F-428363EE0902}.Debug|Any CPU.Build.0 = Debug|Any CPU
		{E9B20681-862B-4C1C-B74F-428363EE0902}.Release|Any CPU.ActiveCfg = Release|Any CPU
		{E9B20681-862B-4C1C-B74F-428363EE0902}.Release|Any CPU.Build.0 = Release|Any CPU
	EndGlobalSection
	GlobalSection(SolutionProperties) = preSolution
		HideSolutionNode = FALSE
	EndGlobalSection
EndGlobal
